
Microsoft Visual Studio Solution File, Format Version 12.00
# Visual Studio 15
VisualStudioVersion = 15.0.28307.572
MinimumVisualStudioVersion = 10.0.40219.1
Project("{FAE04EC0-301F-11D3-BF4B-00C04F79EFBC}") = "Ejemplo050519", "Ejemplo050519\Ejemplo050519\Ejemplo050519.csproj", "{4F674B18-BDD2-44A6-9AB8-B72EBBDECDB9}"
EndProject
Project("{FAE04EC0-301F-11D3-BF4B-00C04F79EFBC}") = "Ejemplo050519.Android", "Ejemplo050519\Ejemplo050519.Android\Ejemplo050519.Android.csproj", "{9CD8D3AA-3C7A-4824-BAFE-1B65D63FE1C9}"
EndProject
Project("{FAE04EC0-301F-11D3-BF4B-00C04F79EFBC}") = "Ejemplo050519.iOS", "Ejemplo050519\Ejemplo050519.iOS\Ejemplo050519.iOS.csproj", "{4F94FC49-AFA6-4CCE-8C19-346D01F09268}"
EndProject
Project("{2150E333-8FDC-42A3-9474-1A3956D46DE8}") = "Platforms", "Platforms", "{625B7344-8C64-4558-8FD8-4C6A459E856F}"
EndProject
Global
	GlobalSection(SolutionConfigurationPlatforms) = preSolution
		Ad-Hoc|Any CPU = Ad-Hoc|Any CPU
		Ad-Hoc|iPhone = Ad-Hoc|iPhone
		Ad-Hoc|iPhoneSimulator = Ad-Hoc|iPhoneSimulator
		AppStore|Any CPU = AppStore|Any CPU
		AppStore|iPhone = AppStore|iPhone
		AppStore|iPhoneSimulator = AppStore|iPhoneSimulator
		Debug|Any CPU = Debug|Any CPU
		Debug|iPhone = Debug|iPhone
		Debug|iPhoneSimulator = Debug|iPhoneSimulator
		Release|Any CPU = Release|Any CPU
		Release|iPhone = Release|iPhone
		Release|iPhoneSimulator = Release|iPhoneSimulator
	EndGlobalSection
	GlobalSection(ProjectConfigurationPlatforms) = postSolution
		{4F674B18-BDD2-44A6-9AB8-B72EBBDECDB9}.Ad-Hoc|Any CPU.ActiveCfg = Debug|Any CPU
		{4F674B18-BDD2-44A6-9AB8-B72EBBDECDB9}.Ad-Hoc|Any CPU.Build.0 = Debug|Any CPU
		{4F674B18-BDD2-44A6-9AB8-B72EBBDECDB9}.Ad-Hoc|iPhone.ActiveCfg = Debug|Any CPU
		{4F674B18-BDD2-44A6-9AB8-B72EBBDECDB9}.Ad-Hoc|iPhone.Build.0 = Debug|Any CPU
		{4F674B18-BDD2-44A6-9AB8-B72EBBDECDB9}.Ad-Hoc|iPhoneSimulator.ActiveCfg = Debug|Any CPU
		{4F674B18-BDD2-44A6-9AB8-B72EBBDECDB9}.Ad-Hoc|iPhoneSimulator.Build.0 = Debug|Any CPU
		{4F674B18-BDD2-44A6-9AB8-B72EBBDECDB9}.AppStore|Any CPU.ActiveCfg = Debug|Any CPU
		{4F674B18-BDD2-44A6-9AB8-B72EBBDECDB9}.AppStore|Any CPU.Build.0 = Debug|Any CPU
		{4F674B18-BDD2-44A6-9AB8-B72EBBDECDB9}.AppStore|iPhone.ActiveCfg = Debug|Any CPU
		{4F674B18-BDD2-44A6-9AB8-B72EBBDECDB9}.AppStore|iPhone.Build.0 = Debug|Any CPU
		{4F674B18-BDD2-44A6-9AB8-B72EBBDECDB9}.AppStore|iPhoneSimulator.ActiveCfg = Debug|Any CPU
		{4F674B18-BDD2-44A6-9AB8-B72EBBDECDB9}.AppStore|iPhoneSimulator.Build.0 = Debug|Any CPU
		{4F674B18-BDD2-44A6-9AB8-B72EBBDECDB9}.Debug|Any CPU.ActiveCfg = Debug|Any CPU
		{4F674B18-BDD2-44A6-9AB8-B72EBBDECDB9}.Debug|Any CPU.Build.0 = Debug|Any CPU
		{4F674B18-BDD2-44A6-9AB8-B72EBBDECDB9}.Debug|iPhone.ActiveCfg = Debug|Any CPU
		{4F674B18-BDD2-44A6-9AB8-B72EBBDECDB9}.Debug|iPhone.Build.0 = Debug|Any CPU
		{4F674B18-BDD2-44A6-9AB8-B72EBBDECDB9}.Debug|iPhoneSimulator.ActiveCfg = Debug|Any CPU
		{4F674B18-BDD2-44A6-9AB8-B72EBBDECDB9}.Debug|iPhoneSimulator.Build.0 = Debug|Any CPU
		{4F674B18-BDD2-44A6-9AB8-B72EBBDECDB9}.Release|Any CPU.ActiveCfg = Release|Any CPU
		{4F674B18-BDD2-44A6-9AB8-B72EBBDECDB9}.Release|Any CPU.Build.0 = Release|Any CPU
		{4F674B18-BDD2-44A6-9AB8-B72EBBDECDB9}.Release|iPhone.ActiveCfg = Release|Any CPU
		{4F674B18-BDD2-44A6-9AB8-B72EBBDECDB9}.Release|iPhone.Build.0 = Release|Any CPU
		{4F674B18-BDD2-44A6-9AB8-B72EBBDECDB9}.Release|iPhoneSimulator.ActiveCfg = Release|Any CPU
		{4F674B18-BDD2-44A6-9AB8-B72EBBDECDB9}.Release|iPhoneSimulator.Build.0 = Release|Any CPU
		{9CD8D3AA-3C7A-4824-BAFE-1B65D63FE1C9}.Ad-Hoc|Any CPU.ActiveCfg = Release|Any CPU
		{9CD8D3AA-3C7A-4824-BAFE-1B65D63FE1C9}.Ad-Hoc|Any CPU.Build.0 = Release|Any CPU
		{9CD8D3AA-3C7A-4824-BAFE-1B65D63FE1C9}.Ad-Hoc|Any CPU.Deploy.0 = Release|Any CPU
		{9CD8D3AA-3C7A-4824-BAFE-1B65D63FE1C9}.Ad-Hoc|iPhone.ActiveCfg = Release|Any CPU
		{9CD8D3AA-3C7A-4824-BAFE-1B65D63FE1C9}.Ad-Hoc|iPhone.Build.0 = Release|Any CPU
		{9CD8D3AA-3C7A-4824-BAFE-1B65D63FE1C9}.Ad-Hoc|iPhone.Deploy.0 = Release|Any CPU
		{9CD8D3AA-3C7A-4824-BAFE-1B65D63FE1C9}.Ad-Hoc|iPhoneSimulator.ActiveCfg = Release|Any CPU
		{9CD8D3AA-3C7A-4824-BAFE-1B65D63FE1C9}.Ad-Hoc|iPhoneSimulator.Build.0 = Release|Any CPU
		{9CD8D3AA-3C7A-4824-BAFE-1B65D63FE1C9}.Ad-Hoc|iPhoneSimulator.Deploy.0 = Release|Any CPU
		{9CD8D3AA-3C7A-4824-BAFE-1B65D63FE1C9}.AppStore|Any CPU.ActiveCfg = Release|Any CPU
		{9CD8D3AA-3C7A-4824-BAFE-1B65D63FE1C9}.AppStore|Any CPU.Build.0 = Release|Any CPU
		{9CD8D3AA-3C7A-4824-BAFE-1B65D63FE1C9}.AppStore|Any CPU.Deploy.0 = Release|Any CPU
		{9CD8D3AA-3C7A-4824-BAFE-1B65D63FE1C9}.AppStore|iPhone.ActiveCfg = Release|Any CPU
		{9CD8D3AA-3C7A-4824-BAFE-1B65D63FE1C9}.AppStore|iPhone.Build.0 = Release|Any CPU
		{9CD8D3AA-3C7A-4824-BAFE-1B65D63FE1C9}.AppStore|iPhone.Deploy.0 = Release|Any CPU
		{9CD8D3AA-3C7A-4824-BAFE-1B65D63FE1C9}.AppStore|iPhoneSimulator.ActiveCfg = Release|Any CPU
		{9CD8D3AA-3C7A-4824-BAFE-1B65D63FE1C9}.AppStore|iPhoneSimulator.Build.0 = Release|Any CPU
		{9CD8D3AA-3C7A-4824-BAFE-1B65D63FE1C9}.AppStore|iPhoneSimulator.Deploy.0 = Release|Any CPU
		{9CD8D3AA-3C7A-4824-BAFE-1B65D63FE1C9}.Debug|Any CPU.ActiveCfg = Debug|Any CPU
		{9CD8D3AA-3C7A-4824-BAFE-1B65D63FE1C9}.Debug|Any CPU.Build.0 = Debug|Any CPU
		{9CD8D3AA-3C7A-4824-BAFE-1B65D63FE1C9}.Debug|Any CPU.Deploy.0 = Debug|Any CPU
		{9CD8D3AA-3C7A-4824-BAFE-1B65D63FE1C9}.Debug|iPhone.ActiveCfg = Debug|Any CPU
		{9CD8D3AA-3C7A-4824-BAFE-1B65D63FE1C9}.Debug|iPhone.Build.0 = Debug|Any CPU
		{9CD8D3AA-3C7A-4824-BAFE-1B65D63FE1C9}.Debug|iPhone.Deploy.0 = Debug|Any CPU
		{9CD8D3AA-3C7A-4824-BAFE-1B65D63FE1C9}.Debug|iPhoneSimulator.ActiveCfg = Debug|Any CPU
		{9CD8D3AA-3C7A-4824-BAFE-1B65D63FE1C9}.Debug|iPhoneSimulator.Build.0 = Debug|Any CPU
		{9CD8D3AA-3C7A-4824-BAFE-1B65D63FE1C9}.Debug|iPhoneSimulator.Deploy.0 = Debug|Any CPU
		{9CD8D3AA-3C7A-4824-BAFE-1B65D63FE1C9}.Release|Any CPU.ActiveCfg = Release|Any CPU
		{9CD8D3AA-3C7A-4824-BAFE-1B65D63FE1C9}.Release|Any CPU.Build.0 = Release|Any CPU
		{9CD8D3AA-3C7A-4824-BAFE-1B65D63FE1C9}.Release|Any CPU.Deploy.0 = Release|Any CPU
		{9CD8D3AA-3C7A-4824-BAFE-1B65D63FE1C9}.Release|iPhone.ActiveCfg = Release|Any CPU
		{9CD8D3AA-3C7A-4824-BAFE-1B65D63FE1C9}.Release|iPhone.Build.0 = Release|Any CPU
		{9CD8D3AA-3C7A-4824-BAFE-1B65D63FE1C9}.Release|iPhone.Deploy.0 = Release|Any CPU
		{9CD8D3AA-3C7A-4824-BAFE-1B65D63FE1C9}.Release|iPhoneSimulator.ActiveCfg = Release|Any CPU
		{9CD8D3AA-3C7A-4824-BAFE-1B65D63FE1C9}.Release|iPhoneSimulator.Build.0 = Release|Any CPU
		{9CD8D3AA-3C7A-4824-BAFE-1B65D63FE1C9}.Release|iPhoneSimulator.Deploy.0 = Release|Any CPU
		{4F94FC49-AFA6-4CCE-8C19-346D01F09268}.Ad-Hoc|Any CPU.ActiveCfg = Ad-Hoc|iPhone
		{4F94FC49-AFA6-4CCE-8C19-346D01F09268}.Ad-Hoc|iPhone.ActiveCfg = Ad-Hoc|iPhone
		{4F94FC49-AFA6-4CCE-8C19-346D01F09268}.Ad-Hoc|iPhone.Build.0 = Ad-Hoc|iPhone
		{4F94FC49-AFA6-4CCE-8C19-346D01F09268}.Ad-Hoc|iPhoneSimulator.ActiveCfg = Ad-Hoc|iPhoneSimulator
		{4F94FC49-AFA6-4CCE-8C19-346D01F09268}.Ad-Hoc|iPhoneSimulator.Build.0 = Ad-Hoc|iPhoneSimulator
		{4F94FC49-AFA6-4CCE-8C19-346D01F09268}.AppStore|Any CPU.ActiveCfg = AppStore|iPhone
		{4F94FC49-AFA6-4CCE-8C19-346D01F09268}.AppStore|iPhone.ActiveCfg = AppStore|iPhone
		{4F94FC49-AFA6-4CCE-8C19-346D01F09268}.AppStore|iPhone.Build.0 = AppStore|iPhone
		{4F94FC49-AFA6-4CCE-8C19-346D01F09268}.AppStore|iPhoneSimulator.ActiveCfg = AppStore|iPhoneSimulator
		{4F94FC49-AFA6-4CCE-8C19-346D01F09268}.AppStore|iPhoneSimulator.Build.0 = AppStore|iPhoneSimulator
		{4F94FC49-AFA6-4CCE-8C19-346D01F09268}.Debug|Any CPU.ActiveCfg = Debug|iPhone
		{4F94FC49-AFA6-4CCE-8C19-346D01F09268}.Debug|iPhone.ActiveCfg = Debug|iPhone
		{4F94FC49-AFA6-4CCE-8C19-346D01F09268}.Debug|iPhone.Build.0 = Debug|iPhone
		{4F94FC49-AFA6-4CCE-8C19-346D01F09268}.Debug|iPhoneSimulator.ActiveCfg = Debug|iPhoneSimulator
		{4F94FC49-AFA6-4CCE-8C19-346D01F09268}.Debug|iPhoneSimulator.Build.0 = Debug|iPhoneSimulator
		{4F94FC49-AFA6-4CCE-8C19-346D01F09268}.Release|Any CPU.ActiveCfg = Release|iPhone
		{4F94FC49-AFA6-4CCE-8C19-346D01F09268}.Release|iPhone.ActiveCfg = Release|iPhone
		{4F94FC49-AFA6-4CCE-8C19-346D01F09268}.Release|iPhone.Build.0 = Release|iPhone
		{4F94FC49-AFA6-4CCE-8C19-346D01F09268}.Release|iPhoneSimulator.ActiveCfg = Release|iPhoneSimulator
		{4F94FC49-AFA6-4CCE-8C19-346D01F09268}.Release|iPhoneSimulator.Build.0 = Release|iPhoneSimulator
	EndGlobalSection
	GlobalSection(SolutionProperties) = preSolution
		HideSolutionNode = FALSE
	EndGlobalSection
	GlobalSection(NestedProjects) = preSolution
		{9CD8D3AA-3C7A-4824-BAFE-1B65D63FE1C9} = {625B7344-8C64-4558-8FD8-4C6A459E856F}
		{4F94FC49-AFA6-4CCE-8C19-346D01F09268} = {625B7344-8C64-4558-8FD8-4C6A459E856F}
	EndGlobalSection
	GlobalSection(ExtensibilityGlobals) = postSolution
		SolutionGuid = {DD7511BA-F39B-426E-A9EC-3BE26C30DDFA}
	EndGlobalSection
EndGlobal
